
Microsoft Visual Studio Solution File, Format Version 12.00
# Visual Studio 15
VisualStudioVersion = 15.0.27004.2009
MinimumVisualStudioVersion = 10.0.40219.1
Project("{FAE04EC0-301F-11D3-BF4B-00C04F79EFBC}") = "SimulationsLib", "SimulationsLib\SimulationsLib.csproj", "{4484703F-D818-42EF-9222-1F677E91F164}"
EndProject
Project("{FAE04EC0-301F-11D3-BF4B-00C04F79EFBC}") = "DataLayer", "DataLayer\DataLayer.csproj", "{0039394D-B3F3-498E-88FC-3BB856182E8A}"
EndProject
Project("{FAE04EC0-301F-11D3-BF4B-00C04F79EFBC}") = "Reco3", "Reco3\Reco3.csproj", "{00DF0DC9-78FA-42B1-A67E-1B9231CC015C}"
	ProjectSection(ProjectDependencies) = postProject
		{1D1F072B-47B5-43FF-A024-842AC7E01834} = {1D1F072B-47B5-43FF-A024-842AC7E01834}
		{000E874F-F1B0-4D87-A760-241FDDB06BD0} = {000E874F-F1B0-4D87-A760-241FDDB06BD0}
		{7C8CCA89-028D-4102-BB92-4B196663EDDA} = {7C8CCA89-028D-4102-BB92-4B196663EDDA}
		{F44533DF-A4CE-4B25-B87C-2FFBBEF0A1E9} = {F44533DF-A4CE-4B25-B87C-2FFBBEF0A1E9}
		{C1664AFA-75F5-4F27-AF40-F392B1CDEE0F} = {C1664AFA-75F5-4F27-AF40-F392B1CDEE0F}
	EndProjectSection
EndProject
Project("{FAE04EC0-301F-11D3-BF4B-00C04F79EFBC}") = "YDMCBackendConsole", "YDMCBackendConsole\YDMCBackendConsole.csproj", "{000E874F-F1B0-4D87-A760-241FDDB06BD0}"
EndProject
Project("{FAE04EC0-301F-11D3-BF4B-00C04F79EFBC}") = "BatchQueue", "ExcelToVehicle\BatchQueue.csproj", "{8069BCA1-4E19-4F59-A9B0-91402A269109}"
EndProject
Project("{2150E333-8FDC-42A3-9474-1A3956D46DE8}") = "Shared", "Shared", "{7EC7F9F0-83D8-4FAE-969E-BD9F1A8DD9C4}"
EndProject
Project("{2150E333-8FDC-42A3-9474-1A3956D46DE8}") = "Documentation", "Documentation", "{66717ADC-E32B-44AA-9002-7E8021903E0B}"
	ProjectSection(SolutionItems) = preProject
		Documentation\Batchsimulation SADLight.docx = Documentation\Batchsimulation SADLight.docx
	EndProjectSection
EndProject
Project("{FAE04EC0-301F-11D3-BF4B-00C04F79EFBC}") = "Reco3Console", "Reco3Console\Reco3Console.csproj", "{1D1F072B-47B5-43FF-A024-842AC7E01834}"
EndProject
Project("{FAE04EC0-301F-11D3-BF4B-00C04F79EFBC}") = "MsTeams", "MsTeams\MsTeams.csproj", "{E72AFCCC-9734-4294-B5C3-DBFEBACA7489}"
EndProject
Project("{FAE04EC0-301F-11D3-BF4B-00C04F79EFBC}") = "3DX", "3DX\3DX.csproj", "{F44533DF-A4CE-4B25-B87C-2FFBBEF0A1E9}"
EndProject
Project("{2150E333-8FDC-42A3-9474-1A3956D46DE8}") = "Integrations", "Integrations", "{59020FDD-44B4-42F0-9191-26470E426E4B}"
EndProject
Project("{2150E333-8FDC-42A3-9474-1A3956D46DE8}") = "Client-solution", "Client-solution", "{A74A33F8-C5EB-4E7E-AFF6-CBD6A3588D35}"
EndProject
Project("{2150E333-8FDC-42A3-9474-1A3956D46DE8}") = "Backend", "Backend", "{5AA45537-676C-4668-B849-BEB2BE9C8FAF}"
EndProject
Project("{FAE04EC0-301F-11D3-BF4B-00C04F79EFBC}") = "VehicleModel", "VehicleModel\VehicleModel.csproj", "{7C8CCA89-028D-4102-BB92-4B196663EDDA}"
EndProject
Project("{FAE04EC0-301F-11D3-BF4B-00C04F79EFBC}") = "Reco3Common", "Reco3Common\Reco3Common.csproj", "{C1664AFA-75F5-4F27-AF40-F392B1CDEE0F}"
EndProject
Project("{FAE04EC0-301F-11D3-BF4B-00C04F79EFBC}") = "BaselineModel", "BaselineModel\BaselineModel.csproj", "{15916010-21AC-4695-A3C2-43ED0BE392C9}"
EndProject
Project("{FAE04EC0-301F-11D3-BF4B-00C04F79EFBC}") = "Reco3Config", "Reco3Config\Reco3Config.csproj", "{8AAB1456-AB00-4E29-9DED-99CF48C3E1ED}"
EndProject
Project("{FAE04EC0-301F-11D3-BF4B-00C04F79EFBC}") = "Reco3CoreServer", "Reco3CoreServer\Reco3CoreServer.csproj", "{9F998B21-FE9F-4AB7-96EA-323CC0BAF936}"
EndProject
Project("{2150E333-8FDC-42A3-9474-1A3956D46DE8}") = "Solution Items", "Solution Items", "{3A1226A2-F905-4D7C-BE2D-1A635ABB805A}"
	ProjectSection(SolutionItems) = preProject
		CodeMap1.dgml = CodeMap1.dgml
		commonSettings.config = commonSettings.config
	EndProjectSection
EndProject
Global
	GlobalSection(SolutionConfigurationPlatforms) = preSolution
		Baseline generate class|Any CPU = Baseline generate class|Any CPU
		Baseline generate class|x64 = Baseline generate class|x64
		Baseline generate class|x86 = Baseline generate class|x86
		BatchSimulation Release|Any CPU = BatchSimulation Release|Any CPU
		BatchSimulation Release|x64 = BatchSimulation Release|x64
		BatchSimulation Release|x86 = BatchSimulation Release|x86
		BatchSimulation|Any CPU = BatchSimulation|Any CPU
		BatchSimulation|x64 = BatchSimulation|x64
		BatchSimulation|x86 = BatchSimulation|x86
		Debug|Any CPU = Debug|Any CPU
		Debug|x64 = Debug|x64
		Debug|x86 = Debug|x86
		Debug2|Any CPU = Debug2|Any CPU
		Debug2|x64 = Debug2|x64
		Debug2|x86 = Debug2|x86
		LocalDbg|Any CPU = LocalDbg|Any CPU
		LocalDbg|x64 = LocalDbg|x64
		LocalDbg|x86 = LocalDbg|x86
		Release|Any CPU = Release|Any CPU
		Release|x64 = Release|x64
		Release|x86 = Release|x86
	EndGlobalSection
	GlobalSection(ProjectConfigurationPlatforms) = postSolution
		{4484703F-D818-42EF-9222-1F677E91F164}.Baseline generate class|Any CPU.ActiveCfg = BatchSimulation|Any CPU
		{4484703F-D818-42EF-9222-1F677E91F164}.Baseline generate class|Any CPU.Build.0 = BatchSimulation|Any CPU
		{4484703F-D818-42EF-9222-1F677E91F164}.Baseline generate class|x64.ActiveCfg = BatchSimulation Release|Any CPU
		{4484703F-D818-42EF-9222-1F677E91F164}.Baseline generate class|x64.Build.0 = BatchSimulation Release|Any CPU
		{4484703F-D818-42EF-9222-1F677E91F164}.Baseline generate class|x86.ActiveCfg = BatchSimulation Release|Any CPU
		{4484703F-D818-42EF-9222-1F677E91F164}.Baseline generate class|x86.Build.0 = BatchSimulation Release|Any CPU
		{4484703F-D818-42EF-9222-1F677E91F164}.BatchSimulation Release|Any CPU.ActiveCfg = BatchSimulation Release|Any CPU
		{4484703F-D818-42EF-9222-1F677E91F164}.BatchSimulation Release|Any CPU.Build.0 = BatchSimulation Release|Any CPU
		{4484703F-D818-42EF-9222-1F677E91F164}.BatchSimulation Release|x64.ActiveCfg = BatchSimulation Release|Any CPU
		{4484703F-D818-42EF-9222-1F677E91F164}.BatchSimulation Release|x64.Build.0 = BatchSimulation Release|Any CPU
		{4484703F-D818-42EF-9222-1F677E91F164}.BatchSimulation Release|x86.ActiveCfg = BatchSimulation Release|Any CPU
		{4484703F-D818-42EF-9222-1F677E91F164}.BatchSimulation Release|x86.Build.0 = BatchSimulation Release|Any CPU
		{4484703F-D818-42EF-9222-1F677E91F164}.BatchSimulation|Any CPU.ActiveCfg = BatchSimulation|Any CPU
		{4484703F-D818-42EF-9222-1F677E91F164}.BatchSimulation|Any CPU.Build.0 = BatchSimulation|Any CPU
		{4484703F-D818-42EF-9222-1F677E91F164}.BatchSimulation|x64.ActiveCfg = BatchSimulation|Any CPU
		{4484703F-D818-42EF-9222-1F677E91F164}.BatchSimulation|x64.Build.0 = BatchSimulation|Any CPU
		{4484703F-D818-42EF-9222-1F677E91F164}.BatchSimulation|x86.ActiveCfg = BatchSimulation|Any CPU
		{4484703F-D818-42EF-9222-1F677E91F164}.BatchSimulation|x86.Build.0 = BatchSimulation|Any CPU
		{4484703F-D818-42EF-9222-1F677E91F164}.Debug|Any CPU.ActiveCfg = Debug|Any CPU
		{4484703F-D818-42EF-9222-1F677E91F164}.Debug|Any CPU.Build.0 = Debug|Any CPU
		{4484703F-D818-42EF-9222-1F677E91F164}.Debug|x64.ActiveCfg = Debug|Any CPU
		{4484703F-D818-42EF-9222-1F677E91F164}.Debug|x64.Build.0 = Debug|Any CPU
		{4484703F-D818-42EF-9222-1F677E91F164}.Debug|x86.ActiveCfg = Debug|Any CPU
		{4484703F-D818-42EF-9222-1F677E91F164}.Debug|x86.Build.0 = Debug|Any CPU
		{4484703F-D818-42EF-9222-1F677E91F164}.Debug2|Any CPU.ActiveCfg = Debug2|Any CPU
		{4484703F-D818-42EF-9222-1F677E91F164}.Debug2|Any CPU.Build.0 = Debug2|Any CPU
		{4484703F-D818-42EF-9222-1F677E91F164}.Debug2|x64.ActiveCfg = Debug2|Any CPU
		{4484703F-D818-42EF-9222-1F677E91F164}.Debug2|x64.Build.0 = Debug2|Any CPU
		{4484703F-D818-42EF-9222-1F677E91F164}.Debug2|x86.ActiveCfg = Debug2|Any CPU
		{4484703F-D818-42EF-9222-1F677E91F164}.Debug2|x86.Build.0 = Debug2|Any CPU
		{4484703F-D818-42EF-9222-1F677E91F164}.LocalDbg|Any CPU.ActiveCfg = Release|Any CPU
		{4484703F-D818-42EF-9222-1F677E91F164}.LocalDbg|Any CPU.Build.0 = Release|Any CPU
		{4484703F-D818-42EF-9222-1F677E91F164}.LocalDbg|x64.ActiveCfg = Release|Any CPU
		{4484703F-D818-42EF-9222-1F677E91F164}.LocalDbg|x64.Build.0 = Release|Any CPU
		{4484703F-D818-42EF-9222-1F677E91F164}.LocalDbg|x86.ActiveCfg = Release|Any CPU
		{4484703F-D818-42EF-9222-1F677E91F164}.LocalDbg|x86.Build.0 = Release|Any CPU
		{4484703F-D818-42EF-9222-1F677E91F164}.Release|Any CPU.ActiveCfg = Release|Any CPU
		{4484703F-D818-42EF-9222-1F677E91F164}.Release|Any CPU.Build.0 = Release|Any CPU
		{4484703F-D818-42EF-9222-1F677E91F164}.Release|x64.ActiveCfg = Release|Any CPU
		{4484703F-D818-42EF-9222-1F677E91F164}.Release|x64.Build.0 = Release|Any CPU
		{4484703F-D818-42EF-9222-1F677E91F164}.Release|x86.ActiveCfg = Release|Any CPU
		{4484703F-D818-42EF-9222-1F677E91F164}.Release|x86.Build.0 = Release|Any CPU
		{0039394D-B3F3-498E-88FC-3BB856182E8A}.Baseline generate class|Any CPU.ActiveCfg = Debug|Any CPU
		{0039394D-B3F3-498E-88FC-3BB856182E8A}.Baseline generate class|Any CPU.Build.0 = Debug|Any CPU
		{0039394D-B3F3-498E-88FC-3BB856182E8A}.Baseline generate class|x64.ActiveCfg = Release|Any CPU
		{0039394D-B3F3-498E-88FC-3BB856182E8A}.Baseline generate class|x64.Build.0 = Release|Any CPU
		{0039394D-B3F3-498E-88FC-3BB856182E8A}.Baseline generate class|x86.ActiveCfg = Release|Any CPU
		{0039394D-B3F3-498E-88FC-3BB856182E8A}.Baseline generate class|x86.Build.0 = Release|Any CPU
		{0039394D-B3F3-498E-88FC-3BB856182E8A}.BatchSimulation Release|Any CPU.ActiveCfg = Release|Any CPU
		{0039394D-B3F3-498E-88FC-3BB856182E8A}.BatchSimulation Release|x64.ActiveCfg = Release|Any CPU
		{0039394D-B3F3-498E-88FC-3BB856182E8A}.BatchSimulation Release|x64.Build.0 = Release|Any CPU
		{0039394D-B3F3-498E-88FC-3BB856182E8A}.BatchSimulation Release|x86.ActiveCfg = Release|Any CPU
		{0039394D-B3F3-498E-88FC-3BB856182E8A}.BatchSimulation Release|x86.Build.0 = Release|Any CPU
		{0039394D-B3F3-498E-88FC-3BB856182E8A}.BatchSimulation|Any CPU.ActiveCfg = Release|Any CPU
		{0039394D-B3F3-498E-88FC-3BB856182E8A}.BatchSimulation|x64.ActiveCfg = Release|Any CPU
		{0039394D-B3F3-498E-88FC-3BB856182E8A}.BatchSimulation|x64.Build.0 = Release|Any CPU
		{0039394D-B3F3-498E-88FC-3BB856182E8A}.BatchSimulation|x86.ActiveCfg = Release|Any CPU
		{0039394D-B3F3-498E-88FC-3BB856182E8A}.BatchSimulation|x86.Build.0 = Release|Any CPU
		{0039394D-B3F3-498E-88FC-3BB856182E8A}.Debug|Any CPU.ActiveCfg = Debug|Any CPU
		{0039394D-B3F3-498E-88FC-3BB856182E8A}.Debug|Any CPU.Build.0 = Debug|Any CPU
		{0039394D-B3F3-498E-88FC-3BB856182E8A}.Debug|x64.ActiveCfg = Debug|Any CPU
		{0039394D-B3F3-498E-88FC-3BB856182E8A}.Debug|x64.Build.0 = Debug|Any CPU
		{0039394D-B3F3-498E-88FC-3BB856182E8A}.Debug|x86.ActiveCfg = Debug|Any CPU
		{0039394D-B3F3-498E-88FC-3BB856182E8A}.Debug|x86.Build.0 = Debug|Any CPU
		{0039394D-B3F3-498E-88FC-3BB856182E8A}.Debug2|Any CPU.ActiveCfg = Debug2|Any CPU
		{0039394D-B3F3-498E-88FC-3BB856182E8A}.Debug2|Any CPU.Build.0 = Debug2|Any CPU
		{0039394D-B3F3-498E-88FC-3BB856182E8A}.Debug2|x64.ActiveCfg = Debug2|Any CPU
		{0039394D-B3F3-498E-88FC-3BB856182E8A}.Debug2|x64.Build.0 = Debug2|Any CPU
		{0039394D-B3F3-498E-88FC-3BB856182E8A}.Debug2|x86.ActiveCfg = Debug2|Any CPU
		{0039394D-B3F3-498E-88FC-3BB856182E8A}.Debug2|x86.Build.0 = Debug2|Any CPU
		{0039394D-B3F3-498E-88FC-3BB856182E8A}.LocalDbg|Any CPU.ActiveCfg = Debug2|Any CPU
		{0039394D-B3F3-498E-88FC-3BB856182E8A}.LocalDbg|Any CPU.Build.0 = Debug2|Any CPU
		{0039394D-B3F3-498E-88FC-3BB856182E8A}.LocalDbg|x64.ActiveCfg = Debug2|Any CPU
		{0039394D-B3F3-498E-88FC-3BB856182E8A}.LocalDbg|x64.Build.0 = Debug2|Any CPU
		{0039394D-B3F3-498E-88FC-3BB856182E8A}.LocalDbg|x86.ActiveCfg = Debug2|Any CPU
		{0039394D-B3F3-498E-88FC-3BB856182E8A}.LocalDbg|x86.Build.0 = Debug2|Any CPU
		{0039394D-B3F3-498E-88FC-3BB856182E8A}.Release|Any CPU.ActiveCfg = Release|Any CPU
		{0039394D-B3F3-498E-88FC-3BB856182E8A}.Release|Any CPU.Build.0 = Release|Any CPU
		{0039394D-B3F3-498E-88FC-3BB856182E8A}.Release|x64.ActiveCfg = Release|Any CPU
		{0039394D-B3F3-498E-88FC-3BB856182E8A}.Release|x64.Build.0 = Release|Any CPU
		{0039394D-B3F3-498E-88FC-3BB856182E8A}.Release|x86.ActiveCfg = Release|Any CPU
		{0039394D-B3F3-498E-88FC-3BB856182E8A}.Release|x86.Build.0 = Release|Any CPU
		{00DF0DC9-78FA-42B1-A67E-1B9231CC015C}.Baseline generate class|Any CPU.ActiveCfg = Debug|Any CPU
		{00DF0DC9-78FA-42B1-A67E-1B9231CC015C}.Baseline generate class|Any CPU.Build.0 = Debug|Any CPU
		{00DF0DC9-78FA-42B1-A67E-1B9231CC015C}.Baseline generate class|x64.ActiveCfg = Release|Any CPU
		{00DF0DC9-78FA-42B1-A67E-1B9231CC015C}.Baseline generate class|x64.Build.0 = Release|Any CPU
		{00DF0DC9-78FA-42B1-A67E-1B9231CC015C}.Baseline generate class|x86.ActiveCfg = Release|Any CPU
		{00DF0DC9-78FA-42B1-A67E-1B9231CC015C}.Baseline generate class|x86.Build.0 = Release|Any CPU
		{00DF0DC9-78FA-42B1-A67E-1B9231CC015C}.BatchSimulation Release|Any CPU.ActiveCfg = Release|Any CPU
		{00DF0DC9-78FA-42B1-A67E-1B9231CC015C}.BatchSimulation Release|Any CPU.Build.0 = Release|Any CPU
		{00DF0DC9-78FA-42B1-A67E-1B9231CC015C}.BatchSimulation Release|x64.ActiveCfg = Release|Any CPU
		{00DF0DC9-78FA-42B1-A67E-1B9231CC015C}.BatchSimulation Release|x64.Build.0 = Release|Any CPU
		{00DF0DC9-78FA-42B1-A67E-1B9231CC015C}.BatchSimulation Release|x86.ActiveCfg = Release|Any CPU
		{00DF0DC9-78FA-42B1-A67E-1B9231CC015C}.BatchSimulation Release|x86.Build.0 = Release|Any CPU
		{00DF0DC9-78FA-42B1-A67E-1B9231CC015C}.BatchSimulation|Any CPU.ActiveCfg = Release|Any CPU
		{00DF0DC9-78FA-42B1-A67E-1B9231CC015C}.BatchSimulation|Any CPU.Build.0 = Release|Any CPU
		{00DF0DC9-78FA-42B1-A67E-1B9231CC015C}.BatchSimulation|x64.ActiveCfg = Release|Any CPU
		{00DF0DC9-78FA-42B1-A67E-1B9231CC015C}.BatchSimulation|x64.Build.0 = Release|Any CPU
		{00DF0DC9-78FA-42B1-A67E-1B9231CC015C}.BatchSimulation|x86.ActiveCfg = Release|Any CPU
		{00DF0DC9-78FA-42B1-A67E-1B9231CC015C}.BatchSimulation|x86.Build.0 = Release|Any CPU
		{00DF0DC9-78FA-42B1-A67E-1B9231CC015C}.Debug|Any CPU.ActiveCfg = Debug|Any CPU
		{00DF0DC9-78FA-42B1-A67E-1B9231CC015C}.Debug|Any CPU.Build.0 = Debug|Any CPU
		{00DF0DC9-78FA-42B1-A67E-1B9231CC015C}.Debug|x64.ActiveCfg = Debug|Any CPU
		{00DF0DC9-78FA-42B1-A67E-1B9231CC015C}.Debug|x64.Build.0 = Debug|Any CPU
		{00DF0DC9-78FA-42B1-A67E-1B9231CC015C}.Debug|x86.ActiveCfg = Debug|Any CPU
		{00DF0DC9-78FA-42B1-A67E-1B9231CC015C}.Debug|x86.Build.0 = Debug|Any CPU
		{00DF0DC9-78FA-42B1-A67E-1B9231CC015C}.Debug2|Any CPU.ActiveCfg = Debug2|Any CPU
		{00DF0DC9-78FA-42B1-A67E-1B9231CC015C}.Debug2|Any CPU.Build.0 = Debug2|Any CPU
		{00DF0DC9-78FA-42B1-A67E-1B9231CC015C}.Debug2|x64.ActiveCfg = Debug2|Any CPU
		{00DF0DC9-78FA-42B1-A67E-1B9231CC015C}.Debug2|x64.Build.0 = Debug2|Any CPU
		{00DF0DC9-78FA-42B1-A67E-1B9231CC015C}.Debug2|x86.ActiveCfg = Debug2|Any CPU
		{00DF0DC9-78FA-42B1-A67E-1B9231CC015C}.Debug2|x86.Build.0 = Debug2|Any CPU
		{00DF0DC9-78FA-42B1-A67E-1B9231CC015C}.LocalDbg|Any CPU.ActiveCfg = Debug2|Any CPU
		{00DF0DC9-78FA-42B1-A67E-1B9231CC015C}.LocalDbg|Any CPU.Build.0 = Debug2|Any CPU
		{00DF0DC9-78FA-42B1-A67E-1B9231CC015C}.LocalDbg|x64.ActiveCfg = Debug2|Any CPU
		{00DF0DC9-78FA-42B1-A67E-1B9231CC015C}.LocalDbg|x64.Build.0 = Debug2|Any CPU
		{00DF0DC9-78FA-42B1-A67E-1B9231CC015C}.LocalDbg|x86.ActiveCfg = Debug2|Any CPU
		{00DF0DC9-78FA-42B1-A67E-1B9231CC015C}.LocalDbg|x86.Build.0 = Debug2|Any CPU
		{00DF0DC9-78FA-42B1-A67E-1B9231CC015C}.Release|Any CPU.ActiveCfg = Release|Any CPU
		{00DF0DC9-78FA-42B1-A67E-1B9231CC015C}.Release|Any CPU.Build.0 = Release|Any CPU
		{00DF0DC9-78FA-42B1-A67E-1B9231CC015C}.Release|x64.ActiveCfg = Release|Any CPU
		{00DF0DC9-78FA-42B1-A67E-1B9231CC015C}.Release|x64.Build.0 = Release|Any CPU
		{00DF0DC9-78FA-42B1-A67E-1B9231CC015C}.Release|x86.ActiveCfg = Release|Any CPU
		{00DF0DC9-78FA-42B1-A67E-1B9231CC015C}.Release|x86.Build.0 = Release|Any CPU
		{000E874F-F1B0-4D87-A760-241FDDB06BD0}.Baseline generate class|Any CPU.ActiveCfg = Debug|Any CPU
		{000E874F-F1B0-4D87-A760-241FDDB06BD0}.Baseline generate class|Any CPU.Build.0 = Debug|Any CPU
		{000E874F-F1B0-4D87-A760-241FDDB06BD0}.Baseline generate class|x64.ActiveCfg = Release|Any CPU
		{000E874F-F1B0-4D87-A760-241FDDB06BD0}.Baseline generate class|x64.Build.0 = Release|Any CPU
		{000E874F-F1B0-4D87-A760-241FDDB06BD0}.Baseline generate class|x86.ActiveCfg = Release|Any CPU
		{000E874F-F1B0-4D87-A760-241FDDB06BD0}.Baseline generate class|x86.Build.0 = Release|Any CPU
		{000E874F-F1B0-4D87-A760-241FDDB06BD0}.BatchSimulation Release|Any CPU.ActiveCfg = Release|Any CPU
		{000E874F-F1B0-4D87-A760-241FDDB06BD0}.BatchSimulation Release|Any CPU.Build.0 = Release|Any CPU
		{000E874F-F1B0-4D87-A760-241FDDB06BD0}.BatchSimulation Release|x64.ActiveCfg = Release|Any CPU
		{000E874F-F1B0-4D87-A760-241FDDB06BD0}.BatchSimulation Release|x64.Build.0 = Release|Any CPU
		{000E874F-F1B0-4D87-A760-241FDDB06BD0}.BatchSimulation Release|x86.ActiveCfg = Release|Any CPU
		{000E874F-F1B0-4D87-A760-241FDDB06BD0}.BatchSimulation Release|x86.Build.0 = Release|Any CPU
		{000E874F-F1B0-4D87-A760-241FDDB06BD0}.BatchSimulation|Any CPU.ActiveCfg = Release|Any CPU
		{000E874F-F1B0-4D87-A760-241FDDB06BD0}.BatchSimulation|Any CPU.Build.0 = Release|Any CPU
		{000E874F-F1B0-4D87-A760-241FDDB06BD0}.BatchSimulation|x64.ActiveCfg = Release|Any CPU
		{000E874F-F1B0-4D87-A760-241FDDB06BD0}.BatchSimulation|x64.Build.0 = Release|Any CPU
		{000E874F-F1B0-4D87-A760-241FDDB06BD0}.BatchSimulation|x86.ActiveCfg = Release|Any CPU
		{000E874F-F1B0-4D87-A760-241FDDB06BD0}.BatchSimulation|x86.Build.0 = Release|Any CPU
		{000E874F-F1B0-4D87-A760-241FDDB06BD0}.Debug|Any CPU.ActiveCfg = Debug|Any CPU
		{000E874F-F1B0-4D87-A760-241FDDB06BD0}.Debug|Any CPU.Build.0 = Debug|Any CPU
		{000E874F-F1B0-4D87-A760-241FDDB06BD0}.Debug|x64.ActiveCfg = Debug|Any CPU
		{000E874F-F1B0-4D87-A760-241FDDB06BD0}.Debug|x64.Build.0 = Debug|Any CPU
		{000E874F-F1B0-4D87-A760-241FDDB06BD0}.Debug|x86.ActiveCfg = Debug|Any CPU
		{000E874F-F1B0-4D87-A760-241FDDB06BD0}.Debug|x86.Build.0 = Debug|Any CPU
		{000E874F-F1B0-4D87-A760-241FDDB06BD0}.Debug2|Any CPU.ActiveCfg = Debug2|Any CPU
		{000E874F-F1B0-4D87-A760-241FDDB06BD0}.Debug2|Any CPU.Build.0 = Debug2|Any CPU
		{000E874F-F1B0-4D87-A760-241FDDB06BD0}.Debug2|x64.ActiveCfg = Debug2|Any CPU
		{000E874F-F1B0-4D87-A760-241FDDB06BD0}.Debug2|x64.Build.0 = Debug2|Any CPU
		{000E874F-F1B0-4D87-A760-241FDDB06BD0}.Debug2|x86.ActiveCfg = Debug2|Any CPU
		{000E874F-F1B0-4D87-A760-241FDDB06BD0}.Debug2|x86.Build.0 = Debug2|Any CPU
		{000E874F-F1B0-4D87-A760-241FDDB06BD0}.LocalDbg|Any CPU.ActiveCfg = Debug2|Any CPU
		{000E874F-F1B0-4D87-A760-241FDDB06BD0}.LocalDbg|x64.ActiveCfg = Debug2|Any CPU
		{000E874F-F1B0-4D87-A760-241FDDB06BD0}.LocalDbg|x86.ActiveCfg = Debug2|Any CPU
		{000E874F-F1B0-4D87-A760-241FDDB06BD0}.Release|Any CPU.ActiveCfg = Release|Any CPU
		{000E874F-F1B0-4D87-A760-241FDDB06BD0}.Release|Any CPU.Build.0 = Release|Any CPU
		{000E874F-F1B0-4D87-A760-241FDDB06BD0}.Release|x64.ActiveCfg = Release|Any CPU
		{000E874F-F1B0-4D87-A760-241FDDB06BD0}.Release|x64.Build.0 = Release|Any CPU
		{000E874F-F1B0-4D87-A760-241FDDB06BD0}.Release|x86.ActiveCfg = Release|Any CPU
		{000E874F-F1B0-4D87-A760-241FDDB06BD0}.Release|x86.Build.0 = Release|Any CPU
		{8069BCA1-4E19-4F59-A9B0-91402A269109}.Baseline generate class|Any CPU.ActiveCfg = Debug|Any CPU
		{8069BCA1-4E19-4F59-A9B0-91402A269109}.Baseline generate class|Any CPU.Build.0 = Debug|Any CPU
		{8069BCA1-4E19-4F59-A9B0-91402A269109}.Baseline generate class|x64.ActiveCfg = Release|Any CPU
		{8069BCA1-4E19-4F59-A9B0-91402A269109}.Baseline generate class|x64.Build.0 = Release|Any CPU
		{8069BCA1-4E19-4F59-A9B0-91402A269109}.Baseline generate class|x86.ActiveCfg = Release|Any CPU
		{8069BCA1-4E19-4F59-A9B0-91402A269109}.Baseline generate class|x86.Build.0 = Release|Any CPU
		{8069BCA1-4E19-4F59-A9B0-91402A269109}.BatchSimulation Release|Any CPU.ActiveCfg = Release|Any CPU
		{8069BCA1-4E19-4F59-A9B0-91402A269109}.BatchSimulation Release|Any CPU.Build.0 = Release|Any CPU
		{8069BCA1-4E19-4F59-A9B0-91402A269109}.BatchSimulation Release|x64.ActiveCfg = Release|Any CPU
		{8069BCA1-4E19-4F59-A9B0-91402A269109}.BatchSimulation Release|x64.Build.0 = Release|Any CPU
		{8069BCA1-4E19-4F59-A9B0-91402A269109}.BatchSimulation Release|x86.ActiveCfg = Release|Any CPU
		{8069BCA1-4E19-4F59-A9B0-91402A269109}.BatchSimulation Release|x86.Build.0 = Release|Any CPU
		{8069BCA1-4E19-4F59-A9B0-91402A269109}.BatchSimulation|Any CPU.ActiveCfg = Release|Any CPU
		{8069BCA1-4E19-4F59-A9B0-91402A269109}.BatchSimulation|Any CPU.Build.0 = Release|Any CPU
		{8069BCA1-4E19-4F59-A9B0-91402A269109}.BatchSimulation|x64.ActiveCfg = Release|Any CPU
		{8069BCA1-4E19-4F59-A9B0-91402A269109}.BatchSimulation|x64.Build.0 = Release|Any CPU
		{8069BCA1-4E19-4F59-A9B0-91402A269109}.BatchSimulation|x86.ActiveCfg = Release|Any CPU
		{8069BCA1-4E19-4F59-A9B0-91402A269109}.BatchSimulation|x86.Build.0 = Release|Any CPU
		{8069BCA1-4E19-4F59-A9B0-91402A269109}.Debug|Any CPU.ActiveCfg = Debug|Any CPU
		{8069BCA1-4E19-4F59-A9B0-91402A269109}.Debug|Any CPU.Build.0 = Debug|Any CPU
		{8069BCA1-4E19-4F59-A9B0-91402A269109}.Debug|x64.ActiveCfg = Debug|Any CPU
		{8069BCA1-4E19-4F59-A9B0-91402A269109}.Debug|x64.Build.0 = Debug|Any CPU
		{8069BCA1-4E19-4F59-A9B0-91402A269109}.Debug|x86.ActiveCfg = Debug|Any CPU
		{8069BCA1-4E19-4F59-A9B0-91402A269109}.Debug|x86.Build.0 = Debug|Any CPU
		{8069BCA1-4E19-4F59-A9B0-91402A269109}.Debug2|Any CPU.ActiveCfg = Debug2|Any CPU
		{8069BCA1-4E19-4F59-A9B0-91402A269109}.Debug2|Any CPU.Build.0 = Debug2|Any CPU
		{8069BCA1-4E19-4F59-A9B0-91402A269109}.Debug2|x64.ActiveCfg = Debug2|Any CPU
		{8069BCA1-4E19-4F59-A9B0-91402A269109}.Debug2|x64.Build.0 = Debug2|Any CPU
		{8069BCA1-4E19-4F59-A9B0-91402A269109}.Debug2|x86.ActiveCfg = Debug2|Any CPU
		{8069BCA1-4E19-4F59-A9B0-91402A269109}.Debug2|x86.Build.0 = Debug2|Any CPU
		{8069BCA1-4E19-4F59-A9B0-91402A269109}.LocalDbg|Any CPU.ActiveCfg = Debug2|Any CPU
		{8069BCA1-4E19-4F59-A9B0-91402A269109}.LocalDbg|Any CPU.Build.0 = Debug2|Any CPU
		{8069BCA1-4E19-4F59-A9B0-91402A269109}.LocalDbg|x64.ActiveCfg = Debug2|Any CPU
		{8069BCA1-4E19-4F59-A9B0-91402A269109}.LocalDbg|x64.Build.0 = Debug2|Any CPU
		{8069BCA1-4E19-4F59-A9B0-91402A269109}.LocalDbg|x86.ActiveCfg = Debug2|Any CPU
		{8069BCA1-4E19-4F59-A9B0-91402A269109}.LocalDbg|x86.Build.0 = Debug2|Any CPU
		{8069BCA1-4E19-4F59-A9B0-91402A269109}.Release|Any CPU.ActiveCfg = Release|Any CPU
		{8069BCA1-4E19-4F59-A9B0-91402A269109}.Release|Any CPU.Build.0 = Release|Any CPU
		{8069BCA1-4E19-4F59-A9B0-91402A269109}.Release|x64.ActiveCfg = Release|Any CPU
		{8069BCA1-4E19-4F59-A9B0-91402A269109}.Release|x64.Build.0 = Release|Any CPU
		{8069BCA1-4E19-4F59-A9B0-91402A269109}.Release|x86.ActiveCfg = Release|Any CPU
		{8069BCA1-4E19-4F59-A9B0-91402A269109}.Release|x86.Build.0 = Release|Any CPU
		{1D1F072B-47B5-43FF-A024-842AC7E01834}.Baseline generate class|Any CPU.ActiveCfg = Debug|Any CPU
		{1D1F072B-47B5-43FF-A024-842AC7E01834}.Baseline generate class|Any CPU.Build.0 = Debug|Any CPU
		{1D1F072B-47B5-43FF-A024-842AC7E01834}.Baseline generate class|x64.ActiveCfg = Release|Any CPU
		{1D1F072B-47B5-43FF-A024-842AC7E01834}.Baseline generate class|x64.Build.0 = Release|Any CPU
		{1D1F072B-47B5-43FF-A024-842AC7E01834}.Baseline generate class|x86.ActiveCfg = Release|Any CPU
		{1D1F072B-47B5-43FF-A024-842AC7E01834}.Baseline generate class|x86.Build.0 = Release|Any CPU
		{1D1F072B-47B5-43FF-A024-842AC7E01834}.BatchSimulation Release|Any CPU.ActiveCfg = Release|Any CPU
		{1D1F072B-47B5-43FF-A024-842AC7E01834}.BatchSimulation Release|Any CPU.Build.0 = Release|Any CPU
		{1D1F072B-47B5-43FF-A024-842AC7E01834}.BatchSimulation Release|x64.ActiveCfg = Release|Any CPU
		{1D1F072B-47B5-43FF-A024-842AC7E01834}.BatchSimulation Release|x64.Build.0 = Release|Any CPU
		{1D1F072B-47B5-43FF-A024-842AC7E01834}.BatchSimulation Release|x86.ActiveCfg = Release|Any CPU
		{1D1F072B-47B5-43FF-A024-842AC7E01834}.BatchSimulation Release|x86.Build.0 = Release|Any CPU
		{1D1F072B-47B5-43FF-A024-842AC7E01834}.BatchSimulation|Any CPU.ActiveCfg = Release|Any CPU
		{1D1F072B-47B5-43FF-A024-842AC7E01834}.BatchSimulation|Any CPU.Build.0 = Release|Any CPU
		{1D1F072B-47B5-43FF-A024-842AC7E01834}.BatchSimulation|x64.ActiveCfg = Release|Any CPU
		{1D1F072B-47B5-43FF-A024-842AC7E01834}.BatchSimulation|x64.Build.0 = Release|Any CPU
		{1D1F072B-47B5-43FF-A024-842AC7E01834}.BatchSimulation|x86.ActiveCfg = Release|Any CPU
		{1D1F072B-47B5-43FF-A024-842AC7E01834}.BatchSimulation|x86.Build.0 = Release|Any CPU
		{1D1F072B-47B5-43FF-A024-842AC7E01834}.Debug|Any CPU.ActiveCfg = Debug|Any CPU
		{1D1F072B-47B5-43FF-A024-842AC7E01834}.Debug|Any CPU.Build.0 = Debug|Any CPU
		{1D1F072B-47B5-43FF-A024-842AC7E01834}.Debug|x64.ActiveCfg = Debug|Any CPU
		{1D1F072B-47B5-43FF-A024-842AC7E01834}.Debug|x64.Build.0 = Debug|Any CPU
		{1D1F072B-47B5-43FF-A024-842AC7E01834}.Debug|x86.ActiveCfg = Debug|Any CPU
		{1D1F072B-47B5-43FF-A024-842AC7E01834}.Debug|x86.Build.0 = Debug|Any CPU
		{1D1F072B-47B5-43FF-A024-842AC7E01834}.Debug2|Any CPU.ActiveCfg = Debug2|Any CPU
		{1D1F072B-47B5-43FF-A024-842AC7E01834}.Debug2|Any CPU.Build.0 = Debug2|Any CPU
		{1D1F072B-47B5-43FF-A024-842AC7E01834}.Debug2|x64.ActiveCfg = Debug2|Any CPU
		{1D1F072B-47B5-43FF-A024-842AC7E01834}.Debug2|x64.Build.0 = Debug2|Any CPU
		{1D1F072B-47B5-43FF-A024-842AC7E01834}.Debug2|x86.ActiveCfg = Debug2|Any CPU
		{1D1F072B-47B5-43FF-A024-842AC7E01834}.Debug2|x86.Build.0 = Debug2|Any CPU
		{1D1F072B-47B5-43FF-A024-842AC7E01834}.LocalDbg|Any CPU.ActiveCfg = Debug2|Any CPU
		{1D1F072B-47B5-43FF-A024-842AC7E01834}.LocalDbg|Any CPU.Build.0 = Debug2|Any CPU
		{1D1F072B-47B5-43FF-A024-842AC7E01834}.LocalDbg|x64.ActiveCfg = Debug2|Any CPU
		{1D1F072B-47B5-43FF-A024-842AC7E01834}.LocalDbg|x64.Build.0 = Debug2|Any CPU
		{1D1F072B-47B5-43FF-A024-842AC7E01834}.LocalDbg|x86.ActiveCfg = Debug2|Any CPU
		{1D1F072B-47B5-43FF-A024-842AC7E01834}.LocalDbg|x86.Build.0 = Debug2|Any CPU
		{1D1F072B-47B5-43FF-A024-842AC7E01834}.Release|Any CPU.ActiveCfg = Release|Any CPU
		{1D1F072B-47B5-43FF-A024-842AC7E01834}.Release|Any CPU.Build.0 = Release|Any CPU
		{1D1F072B-47B5-43FF-A024-842AC7E01834}.Release|x64.ActiveCfg = Release|Any CPU
		{1D1F072B-47B5-43FF-A024-842AC7E01834}.Release|x64.Build.0 = Release|Any CPU
		{1D1F072B-47B5-43FF-A024-842AC7E01834}.Release|x86.ActiveCfg = Release|Any CPU
		{1D1F072B-47B5-43FF-A024-842AC7E01834}.Release|x86.Build.0 = Release|Any CPU
		{E72AFCCC-9734-4294-B5C3-DBFEBACA7489}.Baseline generate class|Any CPU.ActiveCfg = Debug|Any CPU
		{E72AFCCC-9734-4294-B5C3-DBFEBACA7489}.Baseline generate class|Any CPU.Build.0 = Debug|Any CPU
		{E72AFCCC-9734-4294-B5C3-DBFEBACA7489}.Baseline generate class|x64.ActiveCfg = Release|Any CPU
		{E72AFCCC-9734-4294-B5C3-DBFEBACA7489}.Baseline generate class|x64.Build.0 = Release|Any CPU
		{E72AFCCC-9734-4294-B5C3-DBFEBACA7489}.Baseline generate class|x86.ActiveCfg = Release|Any CPU
		{E72AFCCC-9734-4294-B5C3-DBFEBACA7489}.Baseline generate class|x86.Build.0 = Release|Any CPU
		{E72AFCCC-9734-4294-B5C3-DBFEBACA7489}.BatchSimulation Release|Any CPU.ActiveCfg = Release|Any CPU
		{E72AFCCC-9734-4294-B5C3-DBFEBACA7489}.BatchSimulation Release|Any CPU.Build.0 = Release|Any CPU
		{E72AFCCC-9734-4294-B5C3-DBFEBACA7489}.BatchSimulation Release|x64.ActiveCfg = Release|Any CPU
		{E72AFCCC-9734-4294-B5C3-DBFEBACA7489}.BatchSimulation Release|x64.Build.0 = Release|Any CPU
		{E72AFCCC-9734-4294-B5C3-DBFEBACA7489}.BatchSimulation Release|x86.ActiveCfg = Release|Any CPU
		{E72AFCCC-9734-4294-B5C3-DBFEBACA7489}.BatchSimulation Release|x86.Build.0 = Release|Any CPU
		{E72AFCCC-9734-4294-B5C3-DBFEBACA7489}.BatchSimulation|Any CPU.ActiveCfg = Release|Any CPU
		{E72AFCCC-9734-4294-B5C3-DBFEBACA7489}.BatchSimulation|Any CPU.Build.0 = Release|Any CPU
		{E72AFCCC-9734-4294-B5C3-DBFEBACA7489}.BatchSimulation|x64.ActiveCfg = Release|Any CPU
		{E72AFCCC-9734-4294-B5C3-DBFEBACA7489}.BatchSimulation|x64.Build.0 = Release|Any CPU
		{E72AFCCC-9734-4294-B5C3-DBFEBACA7489}.BatchSimulation|x86.ActiveCfg = Release|Any CPU
		{E72AFCCC-9734-4294-B5C3-DBFEBACA7489}.BatchSimulation|x86.Build.0 = Release|Any CPU
		{E72AFCCC-9734-4294-B5C3-DBFEBACA7489}.Debug|Any CPU.ActiveCfg = Debug|Any CPU
		{E72AFCCC-9734-4294-B5C3-DBFEBACA7489}.Debug|Any CPU.Build.0 = Debug|Any CPU
		{E72AFCCC-9734-4294-B5C3-DBFEBACA7489}.Debug|x64.ActiveCfg = Debug|Any CPU
		{E72AFCCC-9734-4294-B5C3-DBFEBACA7489}.Debug|x64.Build.0 = Debug|Any CPU
		{E72AFCCC-9734-4294-B5C3-DBFEBACA7489}.Debug|x86.ActiveCfg = Debug|Any CPU
		{E72AFCCC-9734-4294-B5C3-DBFEBACA7489}.Debug|x86.Build.0 = Debug|Any CPU
		{E72AFCCC-9734-4294-B5C3-DBFEBACA7489}.Debug2|Any CPU.ActiveCfg = Debug2|Any CPU
		{E72AFCCC-9734-4294-B5C3-DBFEBACA7489}.Debug2|Any CPU.Build.0 = Debug2|Any CPU
		{E72AFCCC-9734-4294-B5C3-DBFEBACA7489}.Debug2|x64.ActiveCfg = Debug2|Any CPU
		{E72AFCCC-9734-4294-B5C3-DBFEBACA7489}.Debug2|x64.Build.0 = Debug2|Any CPU
		{E72AFCCC-9734-4294-B5C3-DBFEBACA7489}.Debug2|x86.ActiveCfg = Debug2|Any CPU
		{E72AFCCC-9734-4294-B5C3-DBFEBACA7489}.Debug2|x86.Build.0 = Debug2|Any CPU
		{E72AFCCC-9734-4294-B5C3-DBFEBACA7489}.LocalDbg|Any CPU.ActiveCfg = Debug2|Any CPU
		{E72AFCCC-9734-4294-B5C3-DBFEBACA7489}.LocalDbg|Any CPU.Build.0 = Debug2|Any CPU
		{E72AFCCC-9734-4294-B5C3-DBFEBACA7489}.LocalDbg|x64.ActiveCfg = Debug2|Any CPU
		{E72AFCCC-9734-4294-B5C3-DBFEBACA7489}.LocalDbg|x64.Build.0 = Debug2|Any CPU
		{E72AFCCC-9734-4294-B5C3-DBFEBACA7489}.LocalDbg|x86.ActiveCfg = Debug2|Any CPU
		{E72AFCCC-9734-4294-B5C3-DBFEBACA7489}.LocalDbg|x86.Build.0 = Debug2|Any CPU
		{E72AFCCC-9734-4294-B5C3-DBFEBACA7489}.Release|Any CPU.ActiveCfg = Release|Any CPU
		{E72AFCCC-9734-4294-B5C3-DBFEBACA7489}.Release|Any CPU.Build.0 = Release|Any CPU
		{E72AFCCC-9734-4294-B5C3-DBFEBACA7489}.Release|x64.ActiveCfg = Release|Any CPU
		{E72AFCCC-9734-4294-B5C3-DBFEBACA7489}.Release|x64.Build.0 = Release|Any CPU
		{E72AFCCC-9734-4294-B5C3-DBFEBACA7489}.Release|x86.ActiveCfg = Release|Any CPU
		{E72AFCCC-9734-4294-B5C3-DBFEBACA7489}.Release|x86.Build.0 = Release|Any CPU
		{F44533DF-A4CE-4B25-B87C-2FFBBEF0A1E9}.Baseline generate class|Any CPU.ActiveCfg = Debug|Any CPU
		{F44533DF-A4CE-4B25-B87C-2FFBBEF0A1E9}.Baseline generate class|Any CPU.Build.0 = Debug|Any CPU
		{F44533DF-A4CE-4B25-B87C-2FFBBEF0A1E9}.Baseline generate class|x64.ActiveCfg = Release|Any CPU
		{F44533DF-A4CE-4B25-B87C-2FFBBEF0A1E9}.Baseline generate class|x64.Build.0 = Release|Any CPU
		{F44533DF-A4CE-4B25-B87C-2FFBBEF0A1E9}.Baseline generate class|x86.ActiveCfg = Release|Any CPU
		{F44533DF-A4CE-4B25-B87C-2FFBBEF0A1E9}.Baseline generate class|x86.Build.0 = Release|Any CPU
		{F44533DF-A4CE-4B25-B87C-2FFBBEF0A1E9}.BatchSimulation Release|Any CPU.ActiveCfg = Release|Any CPU
		{F44533DF-A4CE-4B25-B87C-2FFBBEF0A1E9}.BatchSimulation Release|Any CPU.Build.0 = Release|Any CPU
		{F44533DF-A4CE-4B25-B87C-2FFBBEF0A1E9}.BatchSimulation Release|x64.ActiveCfg = Release|Any CPU
		{F44533DF-A4CE-4B25-B87C-2FFBBEF0A1E9}.BatchSimulation Release|x64.Build.0 = Release|Any CPU
		{F44533DF-A4CE-4B25-B87C-2FFBBEF0A1E9}.BatchSimulation Release|x86.ActiveCfg = Release|Any CPU
		{F44533DF-A4CE-4B25-B87C-2FFBBEF0A1E9}.BatchSimulation Release|x86.Build.0 = Release|Any CPU
		{F44533DF-A4CE-4B25-B87C-2FFBBEF0A1E9}.BatchSimulation|Any CPU.ActiveCfg = Release|Any CPU
		{F44533DF-A4CE-4B25-B87C-2FFBBEF0A1E9}.BatchSimulation|Any CPU.Build.0 = Release|Any CPU
		{F44533DF-A4CE-4B25-B87C-2FFBBEF0A1E9}.BatchSimulation|x64.ActiveCfg = Release|Any CPU
		{F44533DF-A4CE-4B25-B87C-2FFBBEF0A1E9}.BatchSimulation|x64.Build.0 = Release|Any CPU
		{F44533DF-A4CE-4B25-B87C-2FFBBEF0A1E9}.BatchSimulation|x86.ActiveCfg = Release|Any CPU
		{F44533DF-A4CE-4B25-B87C-2FFBBEF0A1E9}.BatchSimulation|x86.Build.0 = Release|Any CPU
		{F44533DF-A4CE-4B25-B87C-2FFBBEF0A1E9}.Debug|Any CPU.ActiveCfg = Debug|Any CPU
		{F44533DF-A4CE-4B25-B87C-2FFBBEF0A1E9}.Debug|Any CPU.Build.0 = Debug|Any CPU
		{F44533DF-A4CE-4B25-B87C-2FFBBEF0A1E9}.Debug|x64.ActiveCfg = Debug|Any CPU
		{F44533DF-A4CE-4B25-B87C-2FFBBEF0A1E9}.Debug|x64.Build.0 = Debug|Any CPU
		{F44533DF-A4CE-4B25-B87C-2FFBBEF0A1E9}.Debug|x86.ActiveCfg = Debug|Any CPU
		{F44533DF-A4CE-4B25-B87C-2FFBBEF0A1E9}.Debug|x86.Build.0 = Debug|Any CPU
		{F44533DF-A4CE-4B25-B87C-2FFBBEF0A1E9}.Debug2|Any CPU.ActiveCfg = Debug2|Any CPU
		{F44533DF-A4CE-4B25-B87C-2FFBBEF0A1E9}.Debug2|Any CPU.Build.0 = Debug2|Any CPU
		{F44533DF-A4CE-4B25-B87C-2FFBBEF0A1E9}.Debug2|x64.ActiveCfg = Debug2|Any CPU
		{F44533DF-A4CE-4B25-B87C-2FFBBEF0A1E9}.Debug2|x64.Build.0 = Debug2|Any CPU
		{F44533DF-A4CE-4B25-B87C-2FFBBEF0A1E9}.Debug2|x86.ActiveCfg = Debug2|Any CPU
		{F44533DF-A4CE-4B25-B87C-2FFBBEF0A1E9}.Debug2|x86.Build.0 = Debug2|Any CPU
		{F44533DF-A4CE-4B25-B87C-2FFBBEF0A1E9}.LocalDbg|Any CPU.ActiveCfg = Debug2|Any CPU
		{F44533DF-A4CE-4B25-B87C-2FFBBEF0A1E9}.LocalDbg|Any CPU.Build.0 = Debug2|Any CPU
		{F44533DF-A4CE-4B25-B87C-2FFBBEF0A1E9}.LocalDbg|x64.ActiveCfg = Debug2|Any CPU
		{F44533DF-A4CE-4B25-B87C-2FFBBEF0A1E9}.LocalDbg|x64.Build.0 = Debug2|Any CPU
		{F44533DF-A4CE-4B25-B87C-2FFBBEF0A1E9}.LocalDbg|x86.ActiveCfg = Debug2|Any CPU
		{F44533DF-A4CE-4B25-B87C-2FFBBEF0A1E9}.LocalDbg|x86.Build.0 = Debug2|Any CPU
		{F44533DF-A4CE-4B25-B87C-2FFBBEF0A1E9}.Release|Any CPU.ActiveCfg = Release|Any CPU
		{F44533DF-A4CE-4B25-B87C-2FFBBEF0A1E9}.Release|Any CPU.Build.0 = Release|Any CPU
		{F44533DF-A4CE-4B25-B87C-2FFBBEF0A1E9}.Release|x64.ActiveCfg = Release|Any CPU
		{F44533DF-A4CE-4B25-B87C-2FFBBEF0A1E9}.Release|x64.Build.0 = Release|Any CPU
		{F44533DF-A4CE-4B25-B87C-2FFBBEF0A1E9}.Release|x86.ActiveCfg = Release|Any CPU
		{F44533DF-A4CE-4B25-B87C-2FFBBEF0A1E9}.Release|x86.Build.0 = Release|Any CPU
		{7C8CCA89-028D-4102-BB92-4B196663EDDA}.Baseline generate class|Any CPU.ActiveCfg = Debug|Any CPU
		{7C8CCA89-028D-4102-BB92-4B196663EDDA}.Baseline generate class|Any CPU.Build.0 = Debug|Any CPU
		{7C8CCA89-028D-4102-BB92-4B196663EDDA}.Baseline generate class|x64.ActiveCfg = Release|Any CPU
		{7C8CCA89-028D-4102-BB92-4B196663EDDA}.Baseline generate class|x64.Build.0 = Release|Any CPU
		{7C8CCA89-028D-4102-BB92-4B196663EDDA}.Baseline generate class|x86.ActiveCfg = Release|Any CPU
		{7C8CCA89-028D-4102-BB92-4B196663EDDA}.Baseline generate class|x86.Build.0 = Release|Any CPU
		{7C8CCA89-028D-4102-BB92-4B196663EDDA}.BatchSimulation Release|Any CPU.ActiveCfg = Release|Any CPU
		{7C8CCA89-028D-4102-BB92-4B196663EDDA}.BatchSimulation Release|Any CPU.Build.0 = Release|Any CPU
		{7C8CCA89-028D-4102-BB92-4B196663EDDA}.BatchSimulation Release|x64.ActiveCfg = Release|Any CPU
		{7C8CCA89-028D-4102-BB92-4B196663EDDA}.BatchSimulation Release|x64.Build.0 = Release|Any CPU
		{7C8CCA89-028D-4102-BB92-4B196663EDDA}.BatchSimulation Release|x86.ActiveCfg = Release|Any CPU
		{7C8CCA89-028D-4102-BB92-4B196663EDDA}.BatchSimulation Release|x86.Build.0 = Release|Any CPU
		{7C8CCA89-028D-4102-BB92-4B196663EDDA}.BatchSimulation|Any CPU.ActiveCfg = Release|Any CPU
		{7C8CCA89-028D-4102-BB92-4B196663EDDA}.BatchSimulation|Any CPU.Build.0 = Release|Any CPU
		{7C8CCA89-028D-4102-BB92-4B196663EDDA}.BatchSimulation|x64.ActiveCfg = Release|Any CPU
		{7C8CCA89-028D-4102-BB92-4B196663EDDA}.BatchSimulation|x64.Build.0 = Release|Any CPU
		{7C8CCA89-028D-4102-BB92-4B196663EDDA}.BatchSimulation|x86.ActiveCfg = Release|Any CPU
		{7C8CCA89-028D-4102-BB92-4B196663EDDA}.BatchSimulation|x86.Build.0 = Release|Any CPU
		{7C8CCA89-028D-4102-BB92-4B196663EDDA}.Debug|Any CPU.ActiveCfg = Debug|Any CPU
		{7C8CCA89-028D-4102-BB92-4B196663EDDA}.Debug|Any CPU.Build.0 = Debug|Any CPU
		{7C8CCA89-028D-4102-BB92-4B196663EDDA}.Debug|x64.ActiveCfg = Debug|Any CPU
		{7C8CCA89-028D-4102-BB92-4B196663EDDA}.Debug|x64.Build.0 = Debug|Any CPU
		{7C8CCA89-028D-4102-BB92-4B196663EDDA}.Debug|x86.ActiveCfg = Debug|Any CPU
		{7C8CCA89-028D-4102-BB92-4B196663EDDA}.Debug|x86.Build.0 = Debug|Any CPU
		{7C8CCA89-028D-4102-BB92-4B196663EDDA}.Debug2|Any CPU.ActiveCfg = Debug2|Any CPU
		{7C8CCA89-028D-4102-BB92-4B196663EDDA}.Debug2|Any CPU.Build.0 = Debug2|Any CPU
		{7C8CCA89-028D-4102-BB92-4B196663EDDA}.Debug2|x64.ActiveCfg = Debug2|Any CPU
		{7C8CCA89-028D-4102-BB92-4B196663EDDA}.Debug2|x64.Build.0 = Debug2|Any CPU
		{7C8CCA89-028D-4102-BB92-4B196663EDDA}.Debug2|x86.ActiveCfg = Debug2|Any CPU
		{7C8CCA89-028D-4102-BB92-4B196663EDDA}.Debug2|x86.Build.0 = Debug2|Any CPU
		{7C8CCA89-028D-4102-BB92-4B196663EDDA}.LocalDbg|Any CPU.ActiveCfg = Debug2|Any CPU
		{7C8CCA89-028D-4102-BB92-4B196663EDDA}.LocalDbg|Any CPU.Build.0 = Debug2|Any CPU
		{7C8CCA89-028D-4102-BB92-4B196663EDDA}.LocalDbg|x64.ActiveCfg = Debug2|Any CPU
		{7C8CCA89-028D-4102-BB92-4B196663EDDA}.LocalDbg|x64.Build.0 = Debug2|Any CPU
		{7C8CCA89-028D-4102-BB92-4B196663EDDA}.LocalDbg|x86.ActiveCfg = Debug2|Any CPU
		{7C8CCA89-028D-4102-BB92-4B196663EDDA}.LocalDbg|x86.Build.0 = Debug2|Any CPU
		{7C8CCA89-028D-4102-BB92-4B196663EDDA}.Release|Any CPU.ActiveCfg = Release|Any CPU
		{7C8CCA89-028D-4102-BB92-4B196663EDDA}.Release|Any CPU.Build.0 = Release|Any CPU
		{7C8CCA89-028D-4102-BB92-4B196663EDDA}.Release|x64.ActiveCfg = Release|Any CPU
		{7C8CCA89-028D-4102-BB92-4B196663EDDA}.Release|x64.Build.0 = Release|Any CPU
		{7C8CCA89-028D-4102-BB92-4B196663EDDA}.Release|x86.ActiveCfg = Release|Any CPU
		{7C8CCA89-028D-4102-BB92-4B196663EDDA}.Release|x86.Build.0 = Release|Any CPU
		{C1664AFA-75F5-4F27-AF40-F392B1CDEE0F}.Baseline generate class|Any CPU.ActiveCfg = Debug|Any CPU
		{C1664AFA-75F5-4F27-AF40-F392B1CDEE0F}.Baseline generate class|Any CPU.Build.0 = Debug|Any CPU
		{C1664AFA-75F5-4F27-AF40-F392B1CDEE0F}.Baseline generate class|x64.ActiveCfg = Release|Any CPU
		{C1664AFA-75F5-4F27-AF40-F392B1CDEE0F}.Baseline generate class|x64.Build.0 = Release|Any CPU
		{C1664AFA-75F5-4F27-AF40-F392B1CDEE0F}.Baseline generate class|x86.ActiveCfg = Release|Any CPU
		{C1664AFA-75F5-4F27-AF40-F392B1CDEE0F}.Baseline generate class|x86.Build.0 = Release|Any CPU
		{C1664AFA-75F5-4F27-AF40-F392B1CDEE0F}.BatchSimulation Release|Any CPU.ActiveCfg = Release|Any CPU
		{C1664AFA-75F5-4F27-AF40-F392B1CDEE0F}.BatchSimulation Release|Any CPU.Build.0 = Release|Any CPU
		{C1664AFA-75F5-4F27-AF40-F392B1CDEE0F}.BatchSimulation Release|x64.ActiveCfg = Release|Any CPU
		{C1664AFA-75F5-4F27-AF40-F392B1CDEE0F}.BatchSimulation Release|x64.Build.0 = Release|Any CPU
		{C1664AFA-75F5-4F27-AF40-F392B1CDEE0F}.BatchSimulation Release|x86.ActiveCfg = Release|Any CPU
		{C1664AFA-75F5-4F27-AF40-F392B1CDEE0F}.BatchSimulation Release|x86.Build.0 = Release|Any CPU
		{C1664AFA-75F5-4F27-AF40-F392B1CDEE0F}.BatchSimulation|Any CPU.ActiveCfg = Release|Any CPU
		{C1664AFA-75F5-4F27-AF40-F392B1CDEE0F}.BatchSimulation|Any CPU.Build.0 = Release|Any CPU
		{C1664AFA-75F5-4F27-AF40-F392B1CDEE0F}.BatchSimulation|x64.ActiveCfg = Release|Any CPU
		{C1664AFA-75F5-4F27-AF40-F392B1CDEE0F}.BatchSimulation|x64.Build.0 = Release|Any CPU
		{C1664AFA-75F5-4F27-AF40-F392B1CDEE0F}.BatchSimulation|x86.ActiveCfg = Release|Any CPU
		{C1664AFA-75F5-4F27-AF40-F392B1CDEE0F}.BatchSimulation|x86.Build.0 = Release|Any CPU
		{C1664AFA-75F5-4F27-AF40-F392B1CDEE0F}.Debug|Any CPU.ActiveCfg = Debug|Any CPU
		{C1664AFA-75F5-4F27-AF40-F392B1CDEE0F}.Debug|Any CPU.Build.0 = Debug|Any CPU
		{C1664AFA-75F5-4F27-AF40-F392B1CDEE0F}.Debug|x64.ActiveCfg = Debug|Any CPU
		{C1664AFA-75F5-4F27-AF40-F392B1CDEE0F}.Debug|x64.Build.0 = Debug|Any CPU
		{C1664AFA-75F5-4F27-AF40-F392B1CDEE0F}.Debug|x86.ActiveCfg = Debug|Any CPU
		{C1664AFA-75F5-4F27-AF40-F392B1CDEE0F}.Debug|x86.Build.0 = Debug|Any CPU
		{C1664AFA-75F5-4F27-AF40-F392B1CDEE0F}.Debug2|Any CPU.ActiveCfg = Debug2|Any CPU
		{C1664AFA-75F5-4F27-AF40-F392B1CDEE0F}.Debug2|Any CPU.Build.0 = Debug2|Any CPU
		{C1664AFA-75F5-4F27-AF40-F392B1CDEE0F}.Debug2|x64.ActiveCfg = Debug2|Any CPU
		{C1664AFA-75F5-4F27-AF40-F392B1CDEE0F}.Debug2|x64.Build.0 = Debug2|Any CPU
		{C1664AFA-75F5-4F27-AF40-F392B1CDEE0F}.Debug2|x86.ActiveCfg = Debug2|Any CPU
		{C1664AFA-75F5-4F27-AF40-F392B1CDEE0F}.Debug2|x86.Build.0 = Debug2|Any CPU
		{C1664AFA-75F5-4F27-AF40-F392B1CDEE0F}.LocalDbg|Any CPU.ActiveCfg = Debug2|Any CPU
		{C1664AFA-75F5-4F27-AF40-F392B1CDEE0F}.LocalDbg|Any CPU.Build.0 = Debug2|Any CPU
		{C1664AFA-75F5-4F27-AF40-F392B1CDEE0F}.LocalDbg|x64.ActiveCfg = Debug2|Any CPU
		{C1664AFA-75F5-4F27-AF40-F392B1CDEE0F}.LocalDbg|x64.Build.0 = Debug2|Any CPU
		{C1664AFA-75F5-4F27-AF40-F392B1CDEE0F}.LocalDbg|x86.ActiveCfg = Debug2|Any CPU
		{C1664AFA-75F5-4F27-AF40-F392B1CDEE0F}.LocalDbg|x86.Build.0 = Debug2|Any CPU
		{C1664AFA-75F5-4F27-AF40-F392B1CDEE0F}.Release|Any CPU.ActiveCfg = Release|Any CPU
		{C1664AFA-75F5-4F27-AF40-F392B1CDEE0F}.Release|Any CPU.Build.0 = Release|Any CPU
		{C1664AFA-75F5-4F27-AF40-F392B1CDEE0F}.Release|x64.ActiveCfg = Release|Any CPU
		{C1664AFA-75F5-4F27-AF40-F392B1CDEE0F}.Release|x64.Build.0 = Release|Any CPU
		{C1664AFA-75F5-4F27-AF40-F392B1CDEE0F}.Release|x86.ActiveCfg = Release|Any CPU
		{C1664AFA-75F5-4F27-AF40-F392B1CDEE0F}.Release|x86.Build.0 = Release|Any CPU
		{15916010-21AC-4695-A3C2-43ED0BE392C9}.Baseline generate class|Any CPU.ActiveCfg = Debug|Any CPU
		{15916010-21AC-4695-A3C2-43ED0BE392C9}.Baseline generate class|Any CPU.Build.0 = Debug|Any CPU
		{15916010-21AC-4695-A3C2-43ED0BE392C9}.Baseline generate class|x64.ActiveCfg = Baseline generate class|Any CPU
		{15916010-21AC-4695-A3C2-43ED0BE392C9}.Baseline generate class|x64.Build.0 = Baseline generate class|Any CPU
		{15916010-21AC-4695-A3C2-43ED0BE392C9}.Baseline generate class|x86.ActiveCfg = Baseline generate class|Any CPU
		{15916010-21AC-4695-A3C2-43ED0BE392C9}.Baseline generate class|x86.Build.0 = Baseline generate class|Any CPU
		{15916010-21AC-4695-A3C2-43ED0BE392C9}.BatchSimulation Release|Any CPU.ActiveCfg = Release|Any CPU
		{15916010-21AC-4695-A3C2-43ED0BE392C9}.BatchSimulation Release|Any CPU.Build.0 = Release|Any CPU
		{15916010-21AC-4695-A3C2-43ED0BE392C9}.BatchSimulation Release|x64.ActiveCfg = Release|Any CPU
		{15916010-21AC-4695-A3C2-43ED0BE392C9}.BatchSimulation Release|x64.Build.0 = Release|Any CPU
		{15916010-21AC-4695-A3C2-43ED0BE392C9}.BatchSimulation Release|x86.ActiveCfg = Release|Any CPU
		{15916010-21AC-4695-A3C2-43ED0BE392C9}.BatchSimulation Release|x86.Build.0 = Release|Any CPU
		{15916010-21AC-4695-A3C2-43ED0BE392C9}.BatchSimulation|Any CPU.ActiveCfg = Release|Any CPU
		{15916010-21AC-4695-A3C2-43ED0BE392C9}.BatchSimulation|Any CPU.Build.0 = Release|Any CPU
		{15916010-21AC-4695-A3C2-43ED0BE392C9}.BatchSimulation|x64.ActiveCfg = Baseline generate class|Any CPU
		{15916010-21AC-4695-A3C2-43ED0BE392C9}.BatchSimulation|x64.Build.0 = Baseline generate class|Any CPU
		{15916010-21AC-4695-A3C2-43ED0BE392C9}.BatchSimulation|x86.ActiveCfg = Baseline generate class|Any CPU
		{15916010-21AC-4695-A3C2-43ED0BE392C9}.BatchSimulation|x86.Build.0 = Baseline generate class|Any CPU
		{15916010-21AC-4695-A3C2-43ED0BE392C9}.Debug|Any CPU.ActiveCfg = Debug|Any CPU
		{15916010-21AC-4695-A3C2-43ED0BE392C9}.Debug|Any CPU.Build.0 = Debug|Any CPU
		{15916010-21AC-4695-A3C2-43ED0BE392C9}.Debug|x64.ActiveCfg = Debug|Any CPU
		{15916010-21AC-4695-A3C2-43ED0BE392C9}.Debug|x64.Build.0 = Debug|Any CPU
		{15916010-21AC-4695-A3C2-43ED0BE392C9}.Debug|x86.ActiveCfg = Debug|Any CPU
		{15916010-21AC-4695-A3C2-43ED0BE392C9}.Debug|x86.Build.0 = Debug|Any CPU
		{15916010-21AC-4695-A3C2-43ED0BE392C9}.Debug2|Any CPU.ActiveCfg = Debug2|Any CPU
		{15916010-21AC-4695-A3C2-43ED0BE392C9}.Debug2|Any CPU.Build.0 = Debug2|Any CPU
		{15916010-21AC-4695-A3C2-43ED0BE392C9}.Debug2|x64.ActiveCfg = Debug2|Any CPU
		{15916010-21AC-4695-A3C2-43ED0BE392C9}.Debug2|x64.Build.0 = Debug2|Any CPU
		{15916010-21AC-4695-A3C2-43ED0BE392C9}.Debug2|x86.ActiveCfg = Debug2|Any CPU
		{15916010-21AC-4695-A3C2-43ED0BE392C9}.Debug2|x86.Build.0 = Debug2|Any CPU
		{15916010-21AC-4695-A3C2-43ED0BE392C9}.LocalDbg|Any CPU.ActiveCfg = Debug2|Any CPU
		{15916010-21AC-4695-A3C2-43ED0BE392C9}.LocalDbg|Any CPU.Build.0 = Debug2|Any CPU
		{15916010-21AC-4695-A3C2-43ED0BE392C9}.LocalDbg|x64.ActiveCfg = Debug2|Any CPU
		{15916010-21AC-4695-A3C2-43ED0BE392C9}.LocalDbg|x64.Build.0 = Debug2|Any CPU
		{15916010-21AC-4695-A3C2-43ED0BE392C9}.LocalDbg|x86.ActiveCfg = Debug2|Any CPU
		{15916010-21AC-4695-A3C2-43ED0BE392C9}.LocalDbg|x86.Build.0 = Debug2|Any CPU
		{15916010-21AC-4695-A3C2-43ED0BE392C9}.Release|Any CPU.ActiveCfg = Release|Any CPU
		{15916010-21AC-4695-A3C2-43ED0BE392C9}.Release|Any CPU.Build.0 = Release|Any CPU
		{15916010-21AC-4695-A3C2-43ED0BE392C9}.Release|x64.ActiveCfg = Release|Any CPU
		{15916010-21AC-4695-A3C2-43ED0BE392C9}.Release|x64.Build.0 = Release|Any CPU
		{15916010-21AC-4695-A3C2-43ED0BE392C9}.Release|x86.ActiveCfg = Release|Any CPU
		{15916010-21AC-4695-A3C2-43ED0BE392C9}.Release|x86.Build.0 = Release|Any CPU
		{8AAB1456-AB00-4E29-9DED-99CF48C3E1ED}.Baseline generate class|Any CPU.ActiveCfg = Release|Any CPU
		{8AAB1456-AB00-4E29-9DED-99CF48C3E1ED}.Baseline generate class|Any CPU.Build.0 = Release|Any CPU
		{8AAB1456-AB00-4E29-9DED-99CF48C3E1ED}.Baseline generate class|x64.ActiveCfg = Debug|Any CPU
		{8AAB1456-AB00-4E29-9DED-99CF48C3E1ED}.Baseline generate class|x64.Build.0 = Debug|Any CPU
		{8AAB1456-AB00-4E29-9DED-99CF48C3E1ED}.Baseline generate class|x86.ActiveCfg = Debug|Any CPU
		{8AAB1456-AB00-4E29-9DED-99CF48C3E1ED}.Baseline generate class|x86.Build.0 = Debug|Any CPU
		{8AAB1456-AB00-4E29-9DED-99CF48C3E1ED}.BatchSimulation Release|Any CPU.ActiveCfg = Release|Any CPU
		{8AAB1456-AB00-4E29-9DED-99CF48C3E1ED}.BatchSimulation Release|Any CPU.Build.0 = Release|Any CPU
		{8AAB1456-AB00-4E29-9DED-99CF48C3E1ED}.BatchSimulation Release|x64.ActiveCfg = Release|Any CPU
		{8AAB1456-AB00-4E29-9DED-99CF48C3E1ED}.BatchSimulation Release|x64.Build.0 = Release|Any CPU
		{8AAB1456-AB00-4E29-9DED-99CF48C3E1ED}.BatchSimulation Release|x86.ActiveCfg = Release|Any CPU
		{8AAB1456-AB00-4E29-9DED-99CF48C3E1ED}.BatchSimulation Release|x86.Build.0 = Release|Any CPU
		{8AAB1456-AB00-4E29-9DED-99CF48C3E1ED}.BatchSimulation|Any CPU.ActiveCfg = Release|Any CPU
		{8AAB1456-AB00-4E29-9DED-99CF48C3E1ED}.BatchSimulation|Any CPU.Build.0 = Release|Any CPU
		{8AAB1456-AB00-4E29-9DED-99CF48C3E1ED}.BatchSimulation|x64.ActiveCfg = Debug|Any CPU
		{8AAB1456-AB00-4E29-9DED-99CF48C3E1ED}.BatchSimulation|x64.Build.0 = Debug|Any CPU
		{8AAB1456-AB00-4E29-9DED-99CF48C3E1ED}.BatchSimulation|x86.ActiveCfg = Debug|Any CPU
		{8AAB1456-AB00-4E29-9DED-99CF48C3E1ED}.BatchSimulation|x86.Build.0 = Debug|Any CPU
		{8AAB1456-AB00-4E29-9DED-99CF48C3E1ED}.Debug|Any CPU.ActiveCfg = Debug|Any CPU
		{8AAB1456-AB00-4E29-9DED-99CF48C3E1ED}.Debug|Any CPU.Build.0 = Debug|Any CPU
		{8AAB1456-AB00-4E29-9DED-99CF48C3E1ED}.Debug|x64.ActiveCfg = Debug|Any CPU
		{8AAB1456-AB00-4E29-9DED-99CF48C3E1ED}.Debug|x64.Build.0 = Debug|Any CPU
		{8AAB1456-AB00-4E29-9DED-99CF48C3E1ED}.Debug|x86.ActiveCfg = Debug|Any CPU
		{8AAB1456-AB00-4E29-9DED-99CF48C3E1ED}.Debug|x86.Build.0 = Debug|Any CPU
		{8AAB1456-AB00-4E29-9DED-99CF48C3E1ED}.Debug2|Any CPU.ActiveCfg = Debug2|Any CPU
		{8AAB1456-AB00-4E29-9DED-99CF48C3E1ED}.Debug2|Any CPU.Build.0 = Debug2|Any CPU
		{8AAB1456-AB00-4E29-9DED-99CF48C3E1ED}.Debug2|x64.ActiveCfg = Debug2|Any CPU
		{8AAB1456-AB00-4E29-9DED-99CF48C3E1ED}.Debug2|x64.Build.0 = Debug2|Any CPU
		{8AAB1456-AB00-4E29-9DED-99CF48C3E1ED}.Debug2|x86.ActiveCfg = Debug2|Any CPU
		{8AAB1456-AB00-4E29-9DED-99CF48C3E1ED}.Debug2|x86.Build.0 = Debug2|Any CPU
		{8AAB1456-AB00-4E29-9DED-99CF48C3E1ED}.LocalDbg|Any CPU.ActiveCfg = Debug2|Any CPU
		{8AAB1456-AB00-4E29-9DED-99CF48C3E1ED}.LocalDbg|Any CPU.Build.0 = Debug2|Any CPU
		{8AAB1456-AB00-4E29-9DED-99CF48C3E1ED}.LocalDbg|x64.ActiveCfg = Debug2|Any CPU
		{8AAB1456-AB00-4E29-9DED-99CF48C3E1ED}.LocalDbg|x64.Build.0 = Debug2|Any CPU
		{8AAB1456-AB00-4E29-9DED-99CF48C3E1ED}.LocalDbg|x86.ActiveCfg = Debug2|Any CPU
		{8AAB1456-AB00-4E29-9DED-99CF48C3E1ED}.LocalDbg|x86.Build.0 = Debug2|Any CPU
		{8AAB1456-AB00-4E29-9DED-99CF48C3E1ED}.Release|Any CPU.ActiveCfg = Release|Any CPU
		{8AAB1456-AB00-4E29-9DED-99CF48C3E1ED}.Release|Any CPU.Build.0 = Release|Any CPU
		{8AAB1456-AB00-4E29-9DED-99CF48C3E1ED}.Release|x64.ActiveCfg = Release|Any CPU
		{8AAB1456-AB00-4E29-9DED-99CF48C3E1ED}.Release|x64.Build.0 = Release|Any CPU
		{8AAB1456-AB00-4E29-9DED-99CF48C3E1ED}.Release|x86.ActiveCfg = Release|Any CPU
		{8AAB1456-AB00-4E29-9DED-99CF48C3E1ED}.Release|x86.Build.0 = Release|Any CPU
		{9F998B21-FE9F-4AB7-96EA-323CC0BAF936}.Baseline generate class|Any CPU.ActiveCfg = Release|Any CPU
		{9F998B21-FE9F-4AB7-96EA-323CC0BAF936}.Baseline generate class|Any CPU.Build.0 = Release|Any CPU
		{9F998B21-FE9F-4AB7-96EA-323CC0BAF936}.Baseline generate class|x64.ActiveCfg = Release|Any CPU
		{9F998B21-FE9F-4AB7-96EA-323CC0BAF936}.Baseline generate class|x64.Build.0 = Release|Any CPU
		{9F998B21-FE9F-4AB7-96EA-323CC0BAF936}.Baseline generate class|x86.ActiveCfg = Release|Any CPU
		{9F998B21-FE9F-4AB7-96EA-323CC0BAF936}.Baseline generate class|x86.Build.0 = Release|Any CPU
		{9F998B21-FE9F-4AB7-96EA-323CC0BAF936}.BatchSimulation Release|Any CPU.ActiveCfg = Release|Any CPU
		{9F998B21-FE9F-4AB7-96EA-323CC0BAF936}.BatchSimulation Release|Any CPU.Build.0 = Release|Any CPU
		{9F998B21-FE9F-4AB7-96EA-323CC0BAF936}.BatchSimulation Release|x64.ActiveCfg = Release|Any CPU
		{9F998B21-FE9F-4AB7-96EA-323CC0BAF936}.BatchSimulation Release|x64.Build.0 = Release|Any CPU
		{9F998B21-FE9F-4AB7-96EA-323CC0BAF936}.BatchSimulation Release|x86.ActiveCfg = Release|Any CPU
		{9F998B21-FE9F-4AB7-96EA-323CC0BAF936}.BatchSimulation Release|x86.Build.0 = Release|Any CPU
		{9F998B21-FE9F-4AB7-96EA-323CC0BAF936}.BatchSimulation|Any CPU.ActiveCfg = Release|Any CPU
		{9F998B21-FE9F-4AB7-96EA-323CC0BAF936}.BatchSimulation|Any CPU.Build.0 = Release|Any CPU
		{9F998B21-FE9F-4AB7-96EA-323CC0BAF936}.BatchSimulation|x64.ActiveCfg = Release|Any CPU
		{9F998B21-FE9F-4AB7-96EA-323CC0BAF936}.BatchSimulation|x64.Build.0 = Release|Any CPU
		{9F998B21-FE9F-4AB7-96EA-323CC0BAF936}.BatchSimulation|x86.ActiveCfg = Release|Any CPU
		{9F998B21-FE9F-4AB7-96EA-323CC0BAF936}.BatchSimulation|x86.Build.0 = Release|Any CPU
		{9F998B21-FE9F-4AB7-96EA-323CC0BAF936}.Debug|Any CPU.ActiveCfg = Debug|Any CPU
		{9F998B21-FE9F-4AB7-96EA-323CC0BAF936}.Debug|Any CPU.Build.0 = Debug|Any CPU
		{9F998B21-FE9F-4AB7-96EA-323CC0BAF936}.Debug|x64.ActiveCfg = Debug|Any CPU
		{9F998B21-FE9F-4AB7-96EA-323CC0BAF936}.Debug|x64.Build.0 = Debug|Any CPU
		{9F998B21-FE9F-4AB7-96EA-323CC0BAF936}.Debug|x86.ActiveCfg = Debug|Any CPU
		{9F998B21-FE9F-4AB7-96EA-323CC0BAF936}.Debug|x86.Build.0 = Debug|Any CPU
		{9F998B21-FE9F-4AB7-96EA-323CC0BAF936}.Debug2|Any CPU.ActiveCfg = Debug2|Any CPU
		{9F998B21-FE9F-4AB7-96EA-323CC0BAF936}.Debug2|Any CPU.Build.0 = Debug2|Any CPU
		{9F998B21-FE9F-4AB7-96EA-323CC0BAF936}.Debug2|x64.ActiveCfg = Debug2|Any CPU
		{9F998B21-FE9F-4AB7-96EA-323CC0BAF936}.Debug2|x64.Build.0 = Debug2|Any CPU
		{9F998B21-FE9F-4AB7-96EA-323CC0BAF936}.Debug2|x86.ActiveCfg = Debug2|Any CPU
		{9F998B21-FE9F-4AB7-96EA-323CC0BAF936}.Debug2|x86.Build.0 = Debug2|Any CPU
		{9F998B21-FE9F-4AB7-96EA-323CC0BAF936}.LocalDbg|Any CPU.ActiveCfg = Debug2|Any CPU
		{9F998B21-FE9F-4AB7-96EA-323CC0BAF936}.LocalDbg|Any CPU.Build.0 = Debug2|Any CPU
		{9F998B21-FE9F-4AB7-96EA-323CC0BAF936}.LocalDbg|x64.ActiveCfg = Debug2|Any CPU
		{9F998B21-FE9F-4AB7-96EA-323CC0BAF936}.LocalDbg|x64.Build.0 = Debug2|Any CPU
		{9F998B21-FE9F-4AB7-96EA-323CC0BAF936}.LocalDbg|x86.ActiveCfg = Debug2|Any CPU
		{9F998B21-FE9F-4AB7-96EA-323CC0BAF936}.LocalDbg|x86.Build.0 = Debug2|Any CPU
		{9F998B21-FE9F-4AB7-96EA-323CC0BAF936}.Release|Any CPU.ActiveCfg = Release|Any CPU
		{9F998B21-FE9F-4AB7-96EA-323CC0BAF936}.Release|Any CPU.Build.0 = Release|Any CPU
		{9F998B21-FE9F-4AB7-96EA-323CC0BAF936}.Release|x64.ActiveCfg = Release|Any CPU
		{9F998B21-FE9F-4AB7-96EA-323CC0BAF936}.Release|x64.Build.0 = Release|Any CPU
		{9F998B21-FE9F-4AB7-96EA-323CC0BAF936}.Release|x86.ActiveCfg = Release|Any CPU
		{9F998B21-FE9F-4AB7-96EA-323CC0BAF936}.Release|x86.Build.0 = Release|Any CPU
	EndGlobalSection
	GlobalSection(SolutionProperties) = preSolution
		HideSolutionNode = FALSE
	EndGlobalSection
	GlobalSection(NestedProjects) = preSolution
		{4484703F-D818-42EF-9222-1F677E91F164} = {7EC7F9F0-83D8-4FAE-969E-BD9F1A8DD9C4}
		{0039394D-B3F3-498E-88FC-3BB856182E8A} = {7EC7F9F0-83D8-4FAE-969E-BD9F1A8DD9C4}
		{00DF0DC9-78FA-42B1-A67E-1B9231CC015C} = {5AA45537-676C-4668-B849-BEB2BE9C8FAF}
		{000E874F-F1B0-4D87-A760-241FDDB06BD0} = {5AA45537-676C-4668-B849-BEB2BE9C8FAF}
		{8069BCA1-4E19-4F59-A9B0-91402A269109} = {7EC7F9F0-83D8-4FAE-969E-BD9F1A8DD9C4}
		{1D1F072B-47B5-43FF-A024-842AC7E01834} = {A74A33F8-C5EB-4E7E-AFF6-CBD6A3588D35}
		{E72AFCCC-9734-4294-B5C3-DBFEBACA7489} = {59020FDD-44B4-42F0-9191-26470E426E4B}
		{F44533DF-A4CE-4B25-B87C-2FFBBEF0A1E9} = {59020FDD-44B4-42F0-9191-26470E426E4B}
		{7C8CCA89-028D-4102-BB92-4B196663EDDA} = {7EC7F9F0-83D8-4FAE-969E-BD9F1A8DD9C4}
		{C1664AFA-75F5-4F27-AF40-F392B1CDEE0F} = {7EC7F9F0-83D8-4FAE-969E-BD9F1A8DD9C4}
		{15916010-21AC-4695-A3C2-43ED0BE392C9} = {7EC7F9F0-83D8-4FAE-969E-BD9F1A8DD9C4}
		{8AAB1456-AB00-4E29-9DED-99CF48C3E1ED} = {7EC7F9F0-83D8-4FAE-969E-BD9F1A8DD9C4}
		{9F998B21-FE9F-4AB7-96EA-323CC0BAF936} = {5AA45537-676C-4668-B849-BEB2BE9C8FAF}
	EndGlobalSection
	GlobalSection(ExtensibilityGlobals) = postSolution
		SolutionGuid = {7F72D5AA-A23A-4D6E-95F5-4D322D9698DA}
	EndGlobalSection
EndGlobal
